
Microsoft Visual Studio Solution File, Format Version 12.00
# Visual Studio Version 17
VisualStudioVersion = 17.9.34728.123
MinimumVisualStudioVersion = 10.0.40219.1
Project("{FAE04EC0-301F-11D3-BF4B-00C04F79EFBC}") = "API_CONSUME_PROJECT", "API_CONSUME_PROJECT\API_CONSUME_PROJECT.csproj", "{107824E2-1144-40FC-808D-04B626399DE0}"
EndProject
Global
	GlobalSection(SolutionConfigurationPlatforms) = preSolution
		Debug|Any CPU = Debug|Any CPU
		Release|Any CPU = Release|Any CPU
	EndGlobalSection
	GlobalSection(ProjectConfigurationPlatforms) = postSolution
		{107824E2-1144-40FC-808D-04B626399DE0}.Debug|Any CPU.ActiveCfg = Debug|Any CPU
		{107824E2-1144-40FC-808D-04B626399DE0}.Debug|Any CPU.Build.0 = Debug|Any CPU
		{107824E2-1144-40FC-808D-04B626399DE0}.Release|Any CPU.ActiveCfg = Release|Any CPU
		{107824E2-1144-40FC-808D-04B626399DE0}.Release|Any CPU.Build.0 = Release|Any CPU
	EndGlobalSection
	GlobalSection(SolutionProperties) = preSolution
		HideSolutionNode = FALSE
	EndGlobalSection
	GlobalSection(ExtensibilityGlobals) = postSolution
		SolutionGuid = {D797524C-8760-4543-864A-BC8EC1E7B631}
	EndGlobalSection
EndGlobal
